
Microsoft Visual Studio Solution File, Format Version 12.00
# Visual Studio 15
VisualStudioVersion = 15.0.28307.1022
MinimumVisualStudioVersion = 10.0.40219.1
Project("{8BC9CEB8-8B4A-11D0-8D11-00A0C91BC942}") = "liebao_high", "liebao_high\liebao_high.vcxproj", "{3E434644-86AB-4BC9-9B6B-08E3EE48B435}"
EndProject
Project("{8BC9CEB8-8B4A-11D0-8D11-00A0C91BC942}") = "Project003", "Project003\Project003.vcxproj", "{F9732D01-CDC9-4870-B4BC-C8B16489F9C7}"
EndProject
Project("{8BC9CEB8-8B4A-11D0-8D11-00A0C91BC942}") = "Project004", "Project004\Project004.vcxproj", "{468C0932-F3C0-4886-928C-1BBB69A8AD00}"
EndProject
Project("{8BC9CEB8-8B4A-11D0-8D11-00A0C91BC942}") = "Project005", "Project005\Project005.vcxproj", "{87252623-423A-4579-8D7D-6DFDD6870748}"
EndProject
Project("{8BC9CEB8-8B4A-11D0-8D11-00A0C91BC942}") = "Project006", "Project006\Project006.vcxproj", "{8A4357CC-C129-4886-A6F3-A6A1033B8FA2}"
EndProject
Project("{8BC9CEB8-8B4A-11D0-8D11-00A0C91BC942}") = "Project007", "Project007\Project007.vcxproj", "{276CA723-17D4-4CBD-8921-266F6D58E97D}"
EndProject
Project("{8BC9CEB8-8B4A-11D0-8D11-00A0C91BC942}") = "Project008", "Project008\Project008.vcxproj", "{C3785D26-1DF5-4621-90D1-780954672EC6}"
EndProject
Project("{8BC9CEB8-8B4A-11D0-8D11-00A0C91BC942}") = "Project009", "Project009\Project009.vcxproj", "{5902D980-5433-4039-BBF5-28FBC34DA603}"
EndProject
Project("{8BC9CEB8-8B4A-11D0-8D11-00A0C91BC942}") = "Project010", "Project010\Project010.vcxproj", "{0A0A0CB6-2A23-4FE7-8221-9E483E4AC36D}"
EndProject
Project("{8BC9CEB8-8B4A-11D0-8D11-00A0C91BC942}") = "Project011", "Project011\Project011.vcxproj", "{AA660D38-764F-4E00-A91B-E52338DFBB27}"
EndProject
Project("{8BC9CEB8-8B4A-11D0-8D11-00A0C91BC942}") = "Project012", "Project012\Project012.vcxproj", "{522A2228-AE9C-4A9E-AC74-881019DD76DA}"
EndProject
Project("{8BC9CEB8-8B4A-11D0-8D11-00A0C91BC942}") = "Project013", "Project013\Project013.vcxproj", "{D8E9608F-5A21-4E86-B96F-663E0067E01B}"
EndProject
Project("{8BC9CEB8-8B4A-11D0-8D11-00A0C91BC942}") = "Project14", "Project14\Project14.vcxproj", "{2B277F0D-F150-4783-A60C-7F42CB73914C}"
EndProject
Project("{8BC9CEB8-8B4A-11D0-8D11-00A0C91BC942}") = "Project15", "Project15\Project15.vcxproj", "{297BCBBE-2AF7-4049-9E1C-23F4B5A91EEA}"
EndProject
Project("{8BC9CEB8-8B4A-11D0-8D11-00A0C91BC942}") = "Project16", "Project16\Project16.vcxproj", "{ED3EBAC2-B9DF-4B27-A858-209DE8D00F28}"
EndProject
Global
	GlobalSection(SolutionConfigurationPlatforms) = preSolution
		Debug|x64 = Debug|x64
		Debug|x86 = Debug|x86
		Release|x64 = Release|x64
		Release|x86 = Release|x86
	EndGlobalSection
	GlobalSection(ProjectConfigurationPlatforms) = postSolution
		{3E434644-86AB-4BC9-9B6B-08E3EE48B435}.Debug|x64.ActiveCfg = Debug|x64
		{3E434644-86AB-4BC9-9B6B-08E3EE48B435}.Debug|x64.Build.0 = Debug|x64
		{3E434644-86AB-4BC9-9B6B-08E3EE48B435}.Debug|x86.ActiveCfg = Debug|Win32
		{3E434644-86AB-4BC9-9B6B-08E3EE48B435}.Debug|x86.Build.0 = Debug|Win32
		{3E434644-86AB-4BC9-9B6B-08E3EE48B435}.Release|x64.ActiveCfg = Release|x64
		{3E434644-86AB-4BC9-9B6B-08E3EE48B435}.Release|x64.Build.0 = Release|x64
		{3E434644-86AB-4BC9-9B6B-08E3EE48B435}.Release|x86.ActiveCfg = Release|Win32
		{3E434644-86AB-4BC9-9B6B-08E3EE48B435}.Release|x86.Build.0 = Release|Win32
		{F9732D01-CDC9-4870-B4BC-C8B16489F9C7}.Debug|x64.ActiveCfg = Debug|x64
		{F9732D01-CDC9-4870-B4BC-C8B16489F9C7}.Debug|x64.Build.0 = Debug|x64
		{F9732D01-CDC9-4870-B4BC-C8B16489F9C7}.Debug|x86.ActiveCfg = Debug|Win32
		{F9732D01-CDC9-4870-B4BC-C8B16489F9C7}.Debug|x86.Build.0 = Debug|Win32
		{F9732D01-CDC9-4870-B4BC-C8B16489F9C7}.Release|x64.ActiveCfg = Release|x64
		{F9732D01-CDC9-4870-B4BC-C8B16489F9C7}.Release|x64.Build.0 = Release|x64
		{F9732D01-CDC9-4870-B4BC-C8B16489F9C7}.Release|x86.ActiveCfg = Release|Win32
		{F9732D01-CDC9-4870-B4BC-C8B16489F9C7}.Release|x86.Build.0 = Release|Win32
		{468C0932-F3C0-4886-928C-1BBB69A8AD00}.Debug|x64.ActiveCfg = Debug|x64
		{468C0932-F3C0-4886-928C-1BBB69A8AD00}.Debug|x64.Build.0 = Debug|x64
		{468C0932-F3C0-4886-928C-1BBB69A8AD00}.Debug|x86.ActiveCfg = Debug|Win32
		{468C0932-F3C0-4886-928C-1BBB69A8AD00}.Debug|x86.Build.0 = Debug|Win32
		{468C0932-F3C0-4886-928C-1BBB69A8AD00}.Release|x64.ActiveCfg = Release|x64
		{468C0932-F3C0-4886-928C-1BBB69A8AD00}.Release|x64.Build.0 = Release|x64
		{468C0932-F3C0-4886-928C-1BBB69A8AD00}.Release|x86.ActiveCfg = Release|Win32
		{468C0932-F3C0-4886-928C-1BBB69A8AD00}.Release|x86.Build.0 = Release|Win32
		{87252623-423A-4579-8D7D-6DFDD6870748}.Debug|x64.ActiveCfg = Debug|x64
		{87252623-423A-4579-8D7D-6DFDD6870748}.Debug|x64.Build.0 = Debug|x64
		{87252623-423A-4579-8D7D-6DFDD6870748}.Debug|x86.ActiveCfg = Debug|Win32
		{87252623-423A-4579-8D7D-6DFDD6870748}.Debug|x86.Build.0 = Debug|Win32
		{87252623-423A-4579-8D7D-6DFDD6870748}.Release|x64.ActiveCfg = Release|x64
		{87252623-423A-4579-8D7D-6DFDD6870748}.Release|x64.Build.0 = Release|x64
		{87252623-423A-4579-8D7D-6DFDD6870748}.Release|x86.ActiveCfg = Release|Win32
		{87252623-423A-4579-8D7D-6DFDD6870748}.Release|x86.Build.0 = Release|Win32
		{8A4357CC-C129-4886-A6F3-A6A1033B8FA2}.Debug|x64.ActiveCfg = Debug|x64
		{8A4357CC-C129-4886-A6F3-A6A1033B8FA2}.Debug|x64.Build.0 = Debug|x64
		{8A4357CC-C129-4886-A6F3-A6A1033B8FA2}.Debug|x86.ActiveCfg = Debug|Win32
		{8A4357CC-C129-4886-A6F3-A6A1033B8FA2}.Debug|x86.Build.0 = Debug|Win32
		{8A4357CC-C129-4886-A6F3-A6A1033B8FA2}.Release|x64.ActiveCfg = Release|x64
		{8A4357CC-C129-4886-A6F3-A6A1033B8FA2}.Release|x64.Build.0 = Release|x64
		{8A4357CC-C129-4886-A6F3-A6A1033B8FA2}.Release|x86.ActiveCfg = Release|Win32
		{8A4357CC-C129-4886-A6F3-A6A1033B8FA2}.Release|x86.Build.0 = Release|Win32
		{276CA723-17D4-4CBD-8921-266F6D58E97D}.Debug|x64.ActiveCfg = Debug|x64
		{276CA723-17D4-4CBD-8921-266F6D58E97D}.Debug|x64.Build.0 = Debug|x64
		{276CA723-17D4-4CBD-8921-266F6D58E97D}.Debug|x86.ActiveCfg = Debug|Win32
		{276CA723-17D4-4CBD-8921-266F6D58E97D}.Debug|x86.Build.0 = Debug|Win32
		{276CA723-17D4-4CBD-8921-266F6D58E97D}.Release|x64.ActiveCfg = Release|x64
		{276CA723-17D4-4CBD-8921-266F6D58E97D}.Release|x64.Build.0 = Release|x64
		{276CA723-17D4-4CBD-8921-266F6D58E97D}.Release|x86.ActiveCfg = Release|Win32
		{276CA723-17D4-4CBD-8921-266F6D58E97D}.Release|x86.Build.0 = Release|Win32
		{C3785D26-1DF5-4621-90D1-780954672EC6}.Debug|x64.ActiveCfg = Debug|x64
		{C3785D26-1DF5-4621-90D1-780954672EC6}.Debug|x64.Build.0 = Debug|x64
		{C3785D26-1DF5-4621-90D1-780954672EC6}.Debug|x86.ActiveCfg = Debug|Win32
		{C3785D26-1DF5-4621-90D1-780954672EC6}.Debug|x86.Build.0 = Debug|Win32
		{C3785D26-1DF5-4621-90D1-780954672EC6}.Release|x64.ActiveCfg = Release|x64
		{C3785D26-1DF5-4621-90D1-780954672EC6}.Release|x64.Build.0 = Release|x64
		{C3785D26-1DF5-4621-90D1-780954672EC6}.Release|x86.ActiveCfg = Release|Win32
		{C3785D26-1DF5-4621-90D1-780954672EC6}.Release|x86.Build.0 = Release|Win32
		{5902D980-5433-4039-BBF5-28FBC34DA603}.Debug|x64.ActiveCfg = Debug|x64
		{5902D980-5433-4039-BBF5-28FBC34DA603}.Debug|x64.Build.0 = Debug|x64
		{5902D980-5433-4039-BBF5-28FBC34DA603}.Debug|x86.ActiveCfg = Debug|Win32
		{5902D980-5433-4039-BBF5-28FBC34DA603}.Debug|x86.Build.0 = Debug|Win32
		{5902D980-5433-4039-BBF5-28FBC34DA603}.Release|x64.ActiveCfg = Release|x64
		{5902D980-5433-4039-BBF5-28FBC34DA603}.Release|x64.Build.0 = Release|x64
		{5902D980-5433-4039-BBF5-28FBC34DA603}.Release|x86.ActiveCfg = Release|Win32
		{5902D980-5433-4039-BBF5-28FBC34DA603}.Release|x86.Build.0 = Release|Win32
		{0A0A0CB6-2A23-4FE7-8221-9E483E4AC36D}.Debug|x64.ActiveCfg = Debug|x64
		{0A0A0CB6-2A23-4FE7-8221-9E483E4AC36D}.Debug|x64.Build.0 = Debug|x64
		{0A0A0CB6-2A23-4FE7-8221-9E483E4AC36D}.Debug|x86.ActiveCfg = Debug|Win32
		{0A0A0CB6-2A23-4FE7-8221-9E483E4AC36D}.Debug|x86.Build.0 = Debug|Win32
		{0A0A0CB6-2A23-4FE7-8221-9E483E4AC36D}.Release|x64.ActiveCfg = Release|x64
		{0A0A0CB6-2A23-4FE7-8221-9E483E4AC36D}.Release|x64.Build.0 = Release|x64
		{0A0A0CB6-2A23-4FE7-8221-9E483E4AC36D}.Release|x86.ActiveCfg = Release|Win32
		{0A0A0CB6-2A23-4FE7-8221-9E483E4AC36D}.Release|x86.Build.0 = Release|Win32
		{AA660D38-764F-4E00-A91B-E52338DFBB27}.Debug|x64.ActiveCfg = Debug|x64
		{AA660D38-764F-4E00-A91B-E52338DFBB27}.Debug|x64.Build.0 = Debug|x64
		{AA660D38-764F-4E00-A91B-E52338DFBB27}.Debug|x86.ActiveCfg = Debug|Win32
		{AA660D38-764F-4E00-A91B-E52338DFBB27}.Debug|x86.Build.0 = Debug|Win32
		{AA660D38-764F-4E00-A91B-E52338DFBB27}.Release|x64.ActiveCfg = Release|x64
		{AA660D38-764F-4E00-A91B-E52338DFBB27}.Release|x64.Build.0 = Release|x64
		{AA660D38-764F-4E00-A91B-E52338DFBB27}.Release|x86.ActiveCfg = Release|Win32
		{AA660D38-764F-4E00-A91B-E52338DFBB27}.Release|x86.Build.0 = Release|Win32
		{522A2228-AE9C-4A9E-AC74-881019DD76DA}.Debug|x64.ActiveCfg = Debug|x64
		{522A2228-AE9C-4A9E-AC74-881019DD76DA}.Debug|x64.Build.0 = Debug|x64
		{522A2228-AE9C-4A9E-AC74-881019DD76DA}.Debug|x86.ActiveCfg = Debug|Win32
		{522A2228-AE9C-4A9E-AC74-881019DD76DA}.Debug|x86.Build.0 = Debug|Win32
		{522A2228-AE9C-4A9E-AC74-881019DD76DA}.Release|x64.ActiveCfg = Release|x64
		{522A2228-AE9C-4A9E-AC74-881019DD76DA}.Release|x64.Build.0 = Release|x64
		{522A2228-AE9C-4A9E-AC74-881019DD76DA}.Release|x86.ActiveCfg = Release|Win32
		{522A2228-AE9C-4A9E-AC74-881019DD76DA}.Release|x86.Build.0 = Release|Win32
		{D8E9608F-5A21-4E86-B96F-663E0067E01B}.Debug|x64.ActiveCfg = Debug|x64
		{D8E9608F-5A21-4E86-B96F-663E0067E01B}.Debug|x64.Build.0 = Debug|x64
		{D8E9608F-5A21-4E86-B96F-663E0067E01B}.Debug|x86.ActiveCfg = Debug|Win32
		{D8E9608F-5A21-4E86-B96F-663E0067E01B}.Debug|x86.Build.0 = Debug|Win32
		{D8E9608F-5A21-4E86-B96F-663E0067E01B}.Release|x64.ActiveCfg = Release|x64
		{D8E9608F-5A21-4E86-B96F-663E0067E01B}.Release|x64.Build.0 = Release|x64
		{D8E9608F-5A21-4E86-B96F-663E0067E01B}.Release|x86.ActiveCfg = Release|Win32
		{D8E9608F-5A21-4E86-B96F-663E0067E01B}.Release|x86.Build.0 = Release|Win32
		{2B277F0D-F150-4783-A60C-7F42CB73914C}.Debug|x64.ActiveCfg = Debug|x64
		{2B277F0D-F150-4783-A60C-7F42CB73914C}.Debug|x64.Build.0 = Debug|x64
		{2B277F0D-F150-4783-A60C-7F42CB73914C}.Debug|x86.ActiveCfg = Debug|Win32
		{2B277F0D-F150-4783-A60C-7F42CB73914C}.Debug|x86.Build.0 = Debug|Win32
		{2B277F0D-F150-4783-A60C-7F42CB73914C}.Release|x64.ActiveCfg = Release|x64
		{2B277F0D-F150-4783-A60C-7F42CB73914C}.Release|x64.Build.0 = Release|x64
		{2B277F0D-F150-4783-A60C-7F42CB73914C}.Release|x86.ActiveCfg = Release|Win32
		{2B277F0D-F150-4783-A60C-7F42CB73914C}.Release|x86.Build.0 = Release|Win32
		{297BCBBE-2AF7-4049-9E1C-23F4B5A91EEA}.Debug|x64.ActiveCfg = Debug|x64
		{297BCBBE-2AF7-4049-9E1C-23F4B5A91EEA}.Debug|x64.Build.0 = Debug|x64
		{297BCBBE-2AF7-4049-9E1C-23F4B5A91EEA}.Debug|x86.ActiveCfg = Debug|Win32
		{297BCBBE-2AF7-4049-9E1C-23F4B5A91EEA}.Debug|x86.Build.0 = Debug|Win32
		{297BCBBE-2AF7-4049-9E1C-23F4B5A91EEA}.Release|x64.ActiveCfg = Release|x64
		{297BCBBE-2AF7-4049-9E1C-23F4B5A91EEA}.Release|x64.Build.0 = Release|x64
		{297BCBBE-2AF7-4049-9E1C-23F4B5A91EEA}.Release|x86.ActiveCfg = Release|Win32
		{297BCBBE-2AF7-4049-9E1C-23F4B5A91EEA}.Release|x86.Build.0 = Release|Win32
		{ED3EBAC2-B9DF-4B27-A858-209DE8D00F28}.Debug|x64.ActiveCfg = Debug|x64
		{ED3EBAC2-B9DF-4B27-A858-209DE8D00F28}.Debug|x64.Build.0 = Debug|x64
		{ED3EBAC2-B9DF-4B27-A858-209DE8D00F28}.Debug|x86.ActiveCfg = Debug|Win32
		{ED3EBAC2-B9DF-4B27-A858-209DE8D00F28}.Debug|x86.Build.0 = Debug|Win32
		{ED3EBAC2-B9DF-4B27-A858-209DE8D00F28}.Release|x64.ActiveCfg = Release|x64
		{ED3EBAC2-B9DF-4B27-A858-209DE8D00F28}.Release|x64.Build.0 = Release|x64
		{ED3EBAC2-B9DF-4B27-A858-209DE8D00F28}.Release|x86.ActiveCfg = Release|Win32
		{ED3EBAC2-B9DF-4B27-A858-209DE8D00F28}.Release|x86.Build.0 = Release|Win32
	EndGlobalSection
	GlobalSection(SolutionProperties) = preSolution
		HideSolutionNode = FALSE
	EndGlobalSection
	GlobalSection(ExtensibilityGlobals) = postSolution
		SolutionGuid = {66293D36-1EB0-4A8B-8D65-FBD8B9CDA6A1}
	EndGlobalSection
EndGlobal
